
Microsoft Visual Studio Solution File, Format Version 12.00
# Visual Studio Version 17
VisualStudioVersion = 17.13.36105.23 d17.13
MinimumVisualStudioVersion = 10.0.40219.1
Project("{8BC9CEB8-8B4A-11D0-8D11-00A0C91BC942}") = "clone_object", "clone_object.vcxproj", "{A1A8CABE-B0A0-4946-8143-19F52A01C347}"
EndProject
Global
	GlobalSection(SolutionConfigurationPlatforms) = preSolution
		Debug|x64 = Debug|x64
		Debug|x86 = Debug|x86
		Release|x64 = Release|x64
		Release|x86 = Release|x86
	EndGlobalSection
	GlobalSection(ProjectConfigurationPlatforms) = postSolution
		{A1A8CABE-B0A0-4946-8143-19F52A01C347}.Debug|x64.ActiveCfg = Debug|x64
		{A1A8CABE-B0A0-4946-8143-19F52A01C347}.Debug|x64.Build.0 = Debug|x64
		{A1A8CABE-B0A0-4946-8143-19F52A01C347}.Debug|x86.ActiveCfg = Debug|Win32
		{A1A8CABE-B0A0-4946-8143-19F52A01C347}.Debug|x86.Build.0 = Debug|Win32
		{A1A8CABE-B0A0-4946-8143-19F52A01C347}.Release|x64.ActiveCfg = Release|x64
		{A1A8CABE-B0A0-4946-8143-19F52A01C347}.Release|x64.Build.0 = Release|x64
		{A1A8CABE-B0A0-4946-8143-19F52A01C347}.Release|x86.ActiveCfg = Release|Win32
		{A1A8CABE-B0A0-4946-8143-19F52A01C347}.Release|x86.Build.0 = Release|Win32
	EndGlobalSection
	GlobalSection(SolutionProperties) = preSolution
		HideSolutionNode = FALSE
	EndGlobalSection
	GlobalSection(ExtensibilityGlobals) = postSolution
		SolutionGuid = {3BE30B36-25C9-4572-9E5A-1077C421BC5F}
	EndGlobalSection
EndGlobal
