
Microsoft Visual Studio Solution File, Format Version 12.00
# Visual Studio Version 17
VisualStudioVersion = 17.12.35527.113 d17.12
MinimumVisualStudioVersion = 10.0.40219.1
Project("{8BC9CEB8-8B4A-11D0-8D11-00A0C91BC942}") = "Leaving", "Leaving\Leaving.vcxproj", "{DA48E320-8620-4570-B52E-126E9747588E}"
EndProject
Project("{8BC9CEB8-8B4A-11D0-8D11-00A0C91BC942}") = "DinamicLeaver", "DinamicLeaver\DinamicLeaver.vcxproj", "{007791CA-1E66-44C2-8BC4-A602F4E5B5BC}"
EndProject
Global
	GlobalSection(SolutionConfigurationPlatforms) = preSolution
		Debug|x64 = Debug|x64
		Debug|x86 = Debug|x86
		Release|x64 = Release|x64
		Release|x86 = Release|x86
	EndGlobalSection
	GlobalSection(ProjectConfigurationPlatforms) = postSolution
		{DA48E320-8620-4570-B52E-126E9747588E}.Debug|x64.ActiveCfg = Debug|x64
		{DA48E320-8620-4570-B52E-126E9747588E}.Debug|x64.Build.0 = Debug|x64
		{DA48E320-8620-4570-B52E-126E9747588E}.Debug|x86.ActiveCfg = Debug|Win32
		{DA48E320-8620-4570-B52E-126E9747588E}.Debug|x86.Build.0 = Debug|Win32
		{DA48E320-8620-4570-B52E-126E9747588E}.Release|x64.ActiveCfg = Release|x64
		{DA48E320-8620-4570-B52E-126E9747588E}.Release|x64.Build.0 = Release|x64
		{DA48E320-8620-4570-B52E-126E9747588E}.Release|x86.ActiveCfg = Release|Win32
		{DA48E320-8620-4570-B52E-126E9747588E}.Release|x86.Build.0 = Release|Win32
		{007791CA-1E66-44C2-8BC4-A602F4E5B5BC}.Debug|x64.ActiveCfg = Debug|x64
		{007791CA-1E66-44C2-8BC4-A602F4E5B5BC}.Debug|x64.Build.0 = Debug|x64
		{007791CA-1E66-44C2-8BC4-A602F4E5B5BC}.Debug|x86.ActiveCfg = Debug|Win32
		{007791CA-1E66-44C2-8BC4-A602F4E5B5BC}.Debug|x86.Build.0 = Debug|Win32
		{007791CA-1E66-44C2-8BC4-A602F4E5B5BC}.Release|x64.ActiveCfg = Release|x64
		{007791CA-1E66-44C2-8BC4-A602F4E5B5BC}.Release|x64.Build.0 = Release|x64
		{007791CA-1E66-44C2-8BC4-A602F4E5B5BC}.Release|x86.ActiveCfg = Release|Win32
		{007791CA-1E66-44C2-8BC4-A602F4E5B5BC}.Release|x86.Build.0 = Release|Win32
	EndGlobalSection
	GlobalSection(SolutionProperties) = preSolution
		HideSolutionNode = FALSE
	EndGlobalSection
EndGlobal
